
Microsoft Visual Studio Solution File, Format Version 12.00
# Visual Studio Version 16
VisualStudioVersion = 16.0.29613.14
MinimumVisualStudioVersion = 10.0.40219.1
Project("{FAE04EC0-301F-11D3-BF4B-00C04F79EFBC}") = "CodeBeerProject", "CodeBeerProject\CodeBeerProject.csproj", "{0E324669-A9F6-423C-9983-290FF401F98A}"
EndProject
Global
	GlobalSection(SolutionConfigurationPlatforms) = preSolution
		Debug|Any CPU = Debug|Any CPU
		Release|Any CPU = Release|Any CPU
	EndGlobalSection
	GlobalSection(ProjectConfigurationPlatforms) = postSolution
		{0E324669-A9F6-423C-9983-290FF401F98A}.Debug|Any CPU.ActiveCfg = Debug|Any CPU
		{0E324669-A9F6-423C-9983-290FF401F98A}.Debug|Any CPU.Build.0 = Debug|Any CPU
		{0E324669-A9F6-423C-9983-290FF401F98A}.Release|Any CPU.ActiveCfg = Release|Any CPU
		{0E324669-A9F6-423C-9983-290FF401F98A}.Release|Any CPU.Build.0 = Release|Any CPU
	EndGlobalSection
	GlobalSection(SolutionProperties) = preSolution
		HideSolutionNode = FALSE
	EndGlobalSection
	GlobalSection(ExtensibilityGlobals) = postSolution
		SolutionGuid = {58E96850-1DDC-4B08-8614-B71B12D96253}
	EndGlobalSection
EndGlobal
